// !$*UTF8*$!
{
	archiveVersion = 1;
	classes = {
	};
	objectVersion = 46;
	objects = {

/* Begin PBXBuildFile section */
		OBJ_100 /* DSL.swift in Sources */ = {isa = PBXBuildFile; fileRef = OBJ_24 /* DSL.swift */; };
		OBJ_101 /* Expectation.swift in Sources */ = {isa = PBXBuildFile; fileRef = OBJ_25 /* Expectation.swift */; };
		OBJ_102 /* ExpectationMessage.swift in Sources */ = {isa = PBXBuildFile; fileRef = OBJ_26 /* ExpectationMessage.swift */; };
		OBJ_103 /* Expression.swift in Sources */ = {isa = PBXBuildFile; fileRef = OBJ_27 /* Expression.swift */; };
		OBJ_104 /* FailureMessage.swift in Sources */ = {isa = PBXBuildFile; fileRef = OBJ_28 /* FailureMessage.swift */; };
		OBJ_105 /* AdapterProtocols.swift in Sources */ = {isa = PBXBuildFile; fileRef = OBJ_30 /* AdapterProtocols.swift */; };
		OBJ_106 /* AssertionDispatcher.swift in Sources */ = {isa = PBXBuildFile; fileRef = OBJ_31 /* AssertionDispatcher.swift */; };
		OBJ_107 /* AssertionRecorder.swift in Sources */ = {isa = PBXBuildFile; fileRef = OBJ_32 /* AssertionRecorder.swift */; };
		OBJ_108 /* NimbleEnvironment.swift in Sources */ = {isa = PBXBuildFile; fileRef = OBJ_33 /* NimbleEnvironment.swift */; };
		OBJ_109 /* NimbleXCTestHandler.swift in Sources */ = {isa = PBXBuildFile; fileRef = OBJ_34 /* NimbleXCTestHandler.swift */; };
		OBJ_110 /* NMBExpectation.swift in Sources */ = {isa = PBXBuildFile; fileRef = OBJ_35 /* NMBExpectation.swift */; };
		OBJ_111 /* NMBObjCMatcher.swift in Sources */ = {isa = PBXBuildFile; fileRef = OBJ_36 /* NMBObjCMatcher.swift */; };
		OBJ_112 /* AllPass.swift in Sources */ = {isa = PBXBuildFile; fileRef = OBJ_40 /* AllPass.swift */; };
		OBJ_113 /* AsyncMatcherWrapper.swift in Sources */ = {isa = PBXBuildFile; fileRef = OBJ_41 /* AsyncMatcherWrapper.swift */; };
		OBJ_114 /* BeAKindOf.swift in Sources */ = {isa = PBXBuildFile; fileRef = OBJ_42 /* BeAKindOf.swift */; };
		OBJ_115 /* BeAnInstanceOf.swift in Sources */ = {isa = PBXBuildFile; fileRef = OBJ_43 /* BeAnInstanceOf.swift */; };
		OBJ_116 /* BeCloseTo.swift in Sources */ = {isa = PBXBuildFile; fileRef = OBJ_44 /* BeCloseTo.swift */; };
		OBJ_117 /* BeEmpty.swift in Sources */ = {isa = PBXBuildFile; fileRef = OBJ_45 /* BeEmpty.swift */; };
		OBJ_118 /* BeginWith.swift in Sources */ = {isa = PBXBuildFile; fileRef = OBJ_46 /* BeginWith.swift */; };
		OBJ_119 /* BeGreaterThan.swift in Sources */ = {isa = PBXBuildFile; fileRef = OBJ_47 /* BeGreaterThan.swift */; };
		OBJ_120 /* BeGreaterThanOrEqualTo.swift in Sources */ = {isa = PBXBuildFile; fileRef = OBJ_48 /* BeGreaterThanOrEqualTo.swift */; };
		OBJ_121 /* BeIdenticalTo.swift in Sources */ = {isa = PBXBuildFile; fileRef = OBJ_49 /* BeIdenticalTo.swift */; };
		OBJ_122 /* BeLessThan.swift in Sources */ = {isa = PBXBuildFile; fileRef = OBJ_50 /* BeLessThan.swift */; };
		OBJ_123 /* BeLessThanOrEqual.swift in Sources */ = {isa = PBXBuildFile; fileRef = OBJ_51 /* BeLessThanOrEqual.swift */; };
		OBJ_124 /* BeLogical.swift in Sources */ = {isa = PBXBuildFile; fileRef = OBJ_52 /* BeLogical.swift */; };
		OBJ_125 /* BeNil.swift in Sources */ = {isa = PBXBuildFile; fileRef = OBJ_53 /* BeNil.swift */; };
		OBJ_126 /* BeVoid.swift in Sources */ = {isa = PBXBuildFile; fileRef = OBJ_54 /* BeVoid.swift */; };
		OBJ_127 /* Contain.swift in Sources */ = {isa = PBXBuildFile; fileRef = OBJ_55 /* Contain.swift */; };
		OBJ_128 /* ContainElementSatisfying.swift in Sources */ = {isa = PBXBuildFile; fileRef = OBJ_56 /* ContainElementSatisfying.swift */; };
		OBJ_129 /* EndWith.swift in Sources */ = {isa = PBXBuildFile; fileRef = OBJ_57 /* EndWith.swift */; };
		OBJ_130 /* Equal.swift in Sources */ = {isa = PBXBuildFile; fileRef = OBJ_58 /* Equal.swift */; };
		OBJ_131 /* HaveCount.swift in Sources */ = {isa = PBXBuildFile; fileRef = OBJ_59 /* HaveCount.swift */; };
		OBJ_132 /* Match.swift in Sources */ = {isa = PBXBuildFile; fileRef = OBJ_60 /* Match.swift */; };
		OBJ_133 /* MatcherFunc.swift in Sources */ = {isa = PBXBuildFile; fileRef = OBJ_61 /* MatcherFunc.swift */; };
		OBJ_134 /* MatcherProtocols.swift in Sources */ = {isa = PBXBuildFile; fileRef = OBJ_62 /* MatcherProtocols.swift */; };
		OBJ_135 /* MatchError.swift in Sources */ = {isa = PBXBuildFile; fileRef = OBJ_63 /* MatchError.swift */; };
		OBJ_136 /* PostNotification.swift in Sources */ = {isa = PBXBuildFile; fileRef = OBJ_64 /* PostNotification.swift */; };
		OBJ_137 /* Predicate.swift in Sources */ = {isa = PBXBuildFile; fileRef = OBJ_65 /* Predicate.swift */; };
		OBJ_138 /* RaisesException.swift in Sources */ = {isa = PBXBuildFile; fileRef = OBJ_66 /* RaisesException.swift */; };
		OBJ_139 /* SatisfyAnyOf.swift in Sources */ = {isa = PBXBuildFile; fileRef = OBJ_67 /* SatisfyAnyOf.swift */; };
		OBJ_140 /* ThrowAssertion.swift in Sources */ = {isa = PBXBuildFile; fileRef = OBJ_68 /* ThrowAssertion.swift */; };
		OBJ_141 /* ThrowError.swift in Sources */ = {isa = PBXBuildFile; fileRef = OBJ_69 /* ThrowError.swift */; };
		OBJ_142 /* ToSucceed.swift in Sources */ = {isa = PBXBuildFile; fileRef = OBJ_70 /* ToSucceed.swift */; };
		OBJ_143 /* Async.swift in Sources */ = {isa = PBXBuildFile; fileRef = OBJ_72 /* Async.swift */; };
		OBJ_144 /* Errors.swift in Sources */ = {isa = PBXBuildFile; fileRef = OBJ_73 /* Errors.swift */; };
		OBJ_145 /* Functional.swift in Sources */ = {isa = PBXBuildFile; fileRef = OBJ_74 /* Functional.swift */; };
		OBJ_146 /* SourceLocation.swift in Sources */ = {isa = PBXBuildFile; fileRef = OBJ_75 /* SourceLocation.swift */; };
		OBJ_147 /* Stringers.swift in Sources */ = {isa = PBXBuildFile; fileRef = OBJ_76 /* Stringers.swift */; };
		OBJ_148 /* ExceptionCapture.swift in Sources */ = {isa = PBXBuildFile; fileRef = OBJ_38 /* ExceptionCapture.swift */; };
		OBJ_155 /* BeAnError.swift in Sources */ = {isa = PBXBuildFile; fileRef = OBJ_8 /* BeAnError.swift */; };
		OBJ_156 /* HaveFailed.swift in Sources */ = {isa = PBXBuildFile; fileRef = OBJ_9 /* HaveFailed.swift */; };
		OBJ_157 /* HaveSucceeded.swift in Sources */ = {isa = PBXBuildFile; fileRef = OBJ_10 /* HaveSucceeded.swift */; };
		OBJ_158 /* MatcherClosure.swift in Sources */ = {isa = PBXBuildFile; fileRef = OBJ_11 /* MatcherClosure.swift */; };
		OBJ_160 /* Result.framework in Frameworks */ = {isa = PBXBuildFile; fileRef = OBJ_82 /* Result.framework */; };
		OBJ_161 /* Nimble.framework in Frameworks */ = {isa = PBXBuildFile; fileRef = OBJ_83 /* Nimble.framework */; };
		OBJ_169 /* AssertionMessageRecorder.swift in Sources */ = {isa = PBXBuildFile; fileRef = OBJ_14 /* AssertionMessageRecorder.swift */; };
		OBJ_170 /* BeAnErrorSpec.swift in Sources */ = {isa = PBXBuildFile; fileRef = OBJ_15 /* BeAnErrorSpec.swift */; };
		OBJ_171 /* HaveFailedSpec.swift in Sources */ = {isa = PBXBuildFile; fileRef = OBJ_16 /* HaveFailedSpec.swift */; };
		OBJ_172 /* HaveSucceededSpec.swift in Sources */ = {isa = PBXBuildFile; fileRef = OBJ_17 /* HaveSucceededSpec.swift */; };
		OBJ_174 /* Result.framework in Frameworks */ = {isa = PBXBuildFile; fileRef = OBJ_82 /* Result.framework */; };
		OBJ_175 /* Nimble.framework in Frameworks */ = {isa = PBXBuildFile; fileRef = OBJ_83 /* Nimble.framework */; };
		OBJ_176 /* Guanaco.framework in Frameworks */ = {isa = PBXBuildFile; fileRef = OBJ_84 /* Guanaco.framework */; };
		OBJ_91 /* Result.swift in Sources */ = {isa = PBXBuildFile; fileRef = OBJ_79 /* Result.swift */; };
		OBJ_92 /* ResultProtocol.swift in Sources */ = {isa = PBXBuildFile; fileRef = OBJ_80 /* ResultProtocol.swift */; };
		OBJ_99 /* DSL+Wait.swift in Sources */ = {isa = PBXBuildFile; fileRef = OBJ_23 /* DSL+Wait.swift */; };
/* End PBXBuildFile section */

/* Begin PBXContainerItemProxy section */
		A60D2C2B1F54506D00EA3D23 /* PBXContainerItemProxy */ = {
			isa = PBXContainerItemProxy;
			containerPortal = OBJ_1 /* Project object */;
			proxyType = 1;
			remoteGlobalIDString = OBJ_86;
			remoteInfo = Result;
		};
		A60D2C2C1F54506D00EA3D23 /* PBXContainerItemProxy */ = {
			isa = PBXContainerItemProxy;
			containerPortal = OBJ_1 /* Project object */;
			proxyType = 1;
			remoteGlobalIDString = OBJ_94;
			remoteInfo = Nimble;
		};
		A60D2C2D1F54506D00EA3D23 /* PBXContainerItemProxy */ = {
			isa = PBXContainerItemProxy;
			containerPortal = OBJ_1 /* Project object */;
			proxyType = 1;
			remoteGlobalIDString = OBJ_86;
			remoteInfo = Result;
		};
		A60D2C2E1F54506D00EA3D23 /* PBXContainerItemProxy */ = {
			isa = PBXContainerItemProxy;
			containerPortal = OBJ_1 /* Project object */;
			proxyType = 1;
			remoteGlobalIDString = OBJ_94;
			remoteInfo = Nimble;
		};
		A60D2C2F1F54506D00EA3D23 /* PBXContainerItemProxy */ = {
			isa = PBXContainerItemProxy;
			containerPortal = OBJ_1 /* Project object */;
			proxyType = 1;
			remoteGlobalIDString = OBJ_150;
			remoteInfo = Guanaco;
		};
/* End PBXContainerItemProxy section */

/* Begin PBXFileReference section */
		OBJ_10 /* HaveSucceeded.swift */ = {isa = PBXFileReference; lastKnownFileType = sourcecode.swift; path = HaveSucceeded.swift; sourceTree = "<group>"; };
		OBJ_11 /* MatcherClosure.swift */ = {isa = PBXFileReference; lastKnownFileType = sourcecode.swift; path = MatcherClosure.swift; sourceTree = "<group>"; };
		OBJ_14 /* AssertionMessageRecorder.swift */ = {isa = PBXFileReference; lastKnownFileType = sourcecode.swift; path = AssertionMessageRecorder.swift; sourceTree = "<group>"; };
		OBJ_15 /* BeAnErrorSpec.swift */ = {isa = PBXFileReference; lastKnownFileType = sourcecode.swift; path = BeAnErrorSpec.swift; sourceTree = "<group>"; };
		OBJ_16 /* HaveFailedSpec.swift */ = {isa = PBXFileReference; lastKnownFileType = sourcecode.swift; path = HaveFailedSpec.swift; sourceTree = "<group>"; };
		OBJ_17 /* HaveSucceededSpec.swift */ = {isa = PBXFileReference; lastKnownFileType = sourcecode.swift; path = HaveSucceededSpec.swift; sourceTree = "<group>"; };
		OBJ_23 /* DSL+Wait.swift */ = {isa = PBXFileReference; lastKnownFileType = sourcecode.swift; path = "DSL+Wait.swift"; sourceTree = "<group>"; };
		OBJ_24 /* DSL.swift */ = {isa = PBXFileReference; lastKnownFileType = sourcecode.swift; path = DSL.swift; sourceTree = "<group>"; };
		OBJ_25 /* Expectation.swift */ = {isa = PBXFileReference; lastKnownFileType = sourcecode.swift; path = Expectation.swift; sourceTree = "<group>"; };
		OBJ_26 /* ExpectationMessage.swift */ = {isa = PBXFileReference; lastKnownFileType = sourcecode.swift; path = ExpectationMessage.swift; sourceTree = "<group>"; };
		OBJ_27 /* Expression.swift */ = {isa = PBXFileReference; lastKnownFileType = sourcecode.swift; path = Expression.swift; sourceTree = "<group>"; };
		OBJ_28 /* FailureMessage.swift */ = {isa = PBXFileReference; lastKnownFileType = sourcecode.swift; path = FailureMessage.swift; sourceTree = "<group>"; };
		OBJ_30 /* AdapterProtocols.swift */ = {isa = PBXFileReference; lastKnownFileType = sourcecode.swift; path = AdapterProtocols.swift; sourceTree = "<group>"; };
		OBJ_31 /* AssertionDispatcher.swift */ = {isa = PBXFileReference; lastKnownFileType = sourcecode.swift; path = AssertionDispatcher.swift; sourceTree = "<group>"; };
		OBJ_32 /* AssertionRecorder.swift */ = {isa = PBXFileReference; lastKnownFileType = sourcecode.swift; path = AssertionRecorder.swift; sourceTree = "<group>"; };
		OBJ_33 /* NimbleEnvironment.swift */ = {isa = PBXFileReference; lastKnownFileType = sourcecode.swift; path = NimbleEnvironment.swift; sourceTree = "<group>"; };
		OBJ_34 /* NimbleXCTestHandler.swift */ = {isa = PBXFileReference; lastKnownFileType = sourcecode.swift; path = NimbleXCTestHandler.swift; sourceTree = "<group>"; };
		OBJ_35 /* NMBExpectation.swift */ = {isa = PBXFileReference; lastKnownFileType = sourcecode.swift; path = NMBExpectation.swift; sourceTree = "<group>"; };
		OBJ_36 /* NMBObjCMatcher.swift */ = {isa = PBXFileReference; lastKnownFileType = sourcecode.swift; path = NMBObjCMatcher.swift; sourceTree = "<group>"; };
		OBJ_38 /* ExceptionCapture.swift */ = {isa = PBXFileReference; lastKnownFileType = sourcecode.swift; path = ExceptionCapture.swift; sourceTree = "<group>"; };
		OBJ_40 /* AllPass.swift */ = {isa = PBXFileReference; lastKnownFileType = sourcecode.swift; path = AllPass.swift; sourceTree = "<group>"; };
		OBJ_41 /* AsyncMatcherWrapper.swift */ = {isa = PBXFileReference; lastKnownFileType = sourcecode.swift; path = AsyncMatcherWrapper.swift; sourceTree = "<group>"; };
		OBJ_42 /* BeAKindOf.swift */ = {isa = PBXFileReference; lastKnownFileType = sourcecode.swift; path = BeAKindOf.swift; sourceTree = "<group>"; };
		OBJ_43 /* BeAnInstanceOf.swift */ = {isa = PBXFileReference; lastKnownFileType = sourcecode.swift; path = BeAnInstanceOf.swift; sourceTree = "<group>"; };
		OBJ_44 /* BeCloseTo.swift */ = {isa = PBXFileReference; lastKnownFileType = sourcecode.swift; path = BeCloseTo.swift; sourceTree = "<group>"; };
		OBJ_45 /* BeEmpty.swift */ = {isa = PBXFileReference; lastKnownFileType = sourcecode.swift; path = BeEmpty.swift; sourceTree = "<group>"; };
		OBJ_46 /* BeginWith.swift */ = {isa = PBXFileReference; lastKnownFileType = sourcecode.swift; path = BeginWith.swift; sourceTree = "<group>"; };
		OBJ_47 /* BeGreaterThan.swift */ = {isa = PBXFileReference; lastKnownFileType = sourcecode.swift; path = BeGreaterThan.swift; sourceTree = "<group>"; };
		OBJ_48 /* BeGreaterThanOrEqualTo.swift */ = {isa = PBXFileReference; lastKnownFileType = sourcecode.swift; path = BeGreaterThanOrEqualTo.swift; sourceTree = "<group>"; };
		OBJ_49 /* BeIdenticalTo.swift */ = {isa = PBXFileReference; lastKnownFileType = sourcecode.swift; path = BeIdenticalTo.swift; sourceTree = "<group>"; };
		OBJ_50 /* BeLessThan.swift */ = {isa = PBXFileReference; lastKnownFileType = sourcecode.swift; path = BeLessThan.swift; sourceTree = "<group>"; };
		OBJ_51 /* BeLessThanOrEqual.swift */ = {isa = PBXFileReference; lastKnownFileType = sourcecode.swift; path = BeLessThanOrEqual.swift; sourceTree = "<group>"; };
		OBJ_52 /* BeLogical.swift */ = {isa = PBXFileReference; lastKnownFileType = sourcecode.swift; path = BeLogical.swift; sourceTree = "<group>"; };
		OBJ_53 /* BeNil.swift */ = {isa = PBXFileReference; lastKnownFileType = sourcecode.swift; path = BeNil.swift; sourceTree = "<group>"; };
		OBJ_54 /* BeVoid.swift */ = {isa = PBXFileReference; lastKnownFileType = sourcecode.swift; path = BeVoid.swift; sourceTree = "<group>"; };
		OBJ_55 /* Contain.swift */ = {isa = PBXFileReference; lastKnownFileType = sourcecode.swift; path = Contain.swift; sourceTree = "<group>"; };
		OBJ_56 /* ContainElementSatisfying.swift */ = {isa = PBXFileReference; lastKnownFileType = sourcecode.swift; path = ContainElementSatisfying.swift; sourceTree = "<group>"; };
		OBJ_57 /* EndWith.swift */ = {isa = PBXFileReference; lastKnownFileType = sourcecode.swift; path = EndWith.swift; sourceTree = "<group>"; };
		OBJ_58 /* Equal.swift */ = {isa = PBXFileReference; lastKnownFileType = sourcecode.swift; path = Equal.swift; sourceTree = "<group>"; };
		OBJ_59 /* HaveCount.swift */ = {isa = PBXFileReference; lastKnownFileType = sourcecode.swift; path = HaveCount.swift; sourceTree = "<group>"; };
		OBJ_6 /* Package.swift */ = {isa = PBXFileReference; explicitFileType = sourcecode.swift; path = Package.swift; sourceTree = "<group>"; };
		OBJ_60 /* Match.swift */ = {isa = PBXFileReference; lastKnownFileType = sourcecode.swift; path = Match.swift; sourceTree = "<group>"; };
		OBJ_61 /* MatcherFunc.swift */ = {isa = PBXFileReference; lastKnownFileType = sourcecode.swift; path = MatcherFunc.swift; sourceTree = "<group>"; };
		OBJ_62 /* MatcherProtocols.swift */ = {isa = PBXFileReference; lastKnownFileType = sourcecode.swift; path = MatcherProtocols.swift; sourceTree = "<group>"; };
		OBJ_63 /* MatchError.swift */ = {isa = PBXFileReference; lastKnownFileType = sourcecode.swift; path = MatchError.swift; sourceTree = "<group>"; };
		OBJ_64 /* PostNotification.swift */ = {isa = PBXFileReference; lastKnownFileType = sourcecode.swift; path = PostNotification.swift; sourceTree = "<group>"; };
		OBJ_65 /* Predicate.swift */ = {isa = PBXFileReference; lastKnownFileType = sourcecode.swift; path = Predicate.swift; sourceTree = "<group>"; };
		OBJ_66 /* RaisesException.swift */ = {isa = PBXFileReference; lastKnownFileType = sourcecode.swift; path = RaisesException.swift; sourceTree = "<group>"; };
		OBJ_67 /* SatisfyAnyOf.swift */ = {isa = PBXFileReference; lastKnownFileType = sourcecode.swift; path = SatisfyAnyOf.swift; sourceTree = "<group>"; };
		OBJ_68 /* ThrowAssertion.swift */ = {isa = PBXFileReference; lastKnownFileType = sourcecode.swift; path = ThrowAssertion.swift; sourceTree = "<group>"; };
		OBJ_69 /* ThrowError.swift */ = {isa = PBXFileReference; lastKnownFileType = sourcecode.swift; path = ThrowError.swift; sourceTree = "<group>"; };
		OBJ_70 /* ToSucceed.swift */ = {isa = PBXFileReference; lastKnownFileType = sourcecode.swift; path = ToSucceed.swift; sourceTree = "<group>"; };
		OBJ_72 /* Async.swift */ = {isa = PBXFileReference; lastKnownFileType = sourcecode.swift; path = Async.swift; sourceTree = "<group>"; };
		OBJ_73 /* Errors.swift */ = {isa = PBXFileReference; lastKnownFileType = sourcecode.swift; path = Errors.swift; sourceTree = "<group>"; };
		OBJ_74 /* Functional.swift */ = {isa = PBXFileReference; lastKnownFileType = sourcecode.swift; path = Functional.swift; sourceTree = "<group>"; };
		OBJ_75 /* SourceLocation.swift */ = {isa = PBXFileReference; lastKnownFileType = sourcecode.swift; path = SourceLocation.swift; sourceTree = "<group>"; };
		OBJ_76 /* Stringers.swift */ = {isa = PBXFileReference; lastKnownFileType = sourcecode.swift; path = Stringers.swift; sourceTree = "<group>"; };
		OBJ_79 /* Result.swift */ = {isa = PBXFileReference; lastKnownFileType = sourcecode.swift; path = Result.swift; sourceTree = "<group>"; };
		OBJ_8 /* BeAnError.swift */ = {isa = PBXFileReference; lastKnownFileType = sourcecode.swift; path = BeAnError.swift; sourceTree = "<group>"; };
		OBJ_80 /* ResultProtocol.swift */ = {isa = PBXFileReference; lastKnownFileType = sourcecode.swift; path = ResultProtocol.swift; sourceTree = "<group>"; };
		OBJ_82 /* Result.framework */ = {isa = PBXFileReference; explicitFileType = wrapper.framework; path = Result.framework; sourceTree = BUILT_PRODUCTS_DIR; };
		OBJ_83 /* Nimble.framework */ = {isa = PBXFileReference; explicitFileType = wrapper.framework; path = Nimble.framework; sourceTree = BUILT_PRODUCTS_DIR; };
		OBJ_84 /* Guanaco.framework */ = {isa = PBXFileReference; explicitFileType = wrapper.framework; path = Guanaco.framework; sourceTree = BUILT_PRODUCTS_DIR; };
		OBJ_85 /* GuanacoTests.xctest */ = {isa = PBXFileReference; lastKnownFileType = file; path = GuanacoTests.xctest; sourceTree = BUILT_PRODUCTS_DIR; };
		OBJ_9 /* HaveFailed.swift */ = {isa = PBXFileReference; lastKnownFileType = sourcecode.swift; path = HaveFailed.swift; sourceTree = "<group>"; };
/* End PBXFileReference section */

/* Begin PBXFrameworksBuildPhase section */
		OBJ_149 /* Frameworks */ = {
			isa = PBXFrameworksBuildPhase;
			buildActionMask = 0;
			files = (
			);
			runOnlyForDeploymentPostprocessing = 0;
		};
		OBJ_159 /* Frameworks */ = {
			isa = PBXFrameworksBuildPhase;
			buildActionMask = 0;
			files = (
				OBJ_160 /* Result.framework in Frameworks */,
				OBJ_161 /* Nimble.framework in Frameworks */,
			);
			runOnlyForDeploymentPostprocessing = 0;
		};
		OBJ_173 /* Frameworks */ = {
			isa = PBXFrameworksBuildPhase;
			buildActionMask = 0;
			files = (
				OBJ_174 /* Result.framework in Frameworks */,
				OBJ_175 /* Nimble.framework in Frameworks */,
				OBJ_176 /* Guanaco.framework in Frameworks */,
			);
			runOnlyForDeploymentPostprocessing = 0;
		};
		OBJ_93 /* Frameworks */ = {
			isa = PBXFrameworksBuildPhase;
			buildActionMask = 0;
			files = (
			);
			runOnlyForDeploymentPostprocessing = 0;
		};
/* End PBXFrameworksBuildPhase section */

/* Begin PBXGroup section */
		OBJ_12 /* Tests */ = {
			isa = PBXGroup;
			children = (
				OBJ_13 /* GuanacoTests */,
			);
			name = Tests;
			sourceTree = SOURCE_ROOT;
		};
		OBJ_13 /* GuanacoTests */ = {
			isa = PBXGroup;
			children = (
				OBJ_14 /* AssertionMessageRecorder.swift */,
				OBJ_15 /* BeAnErrorSpec.swift */,
				OBJ_16 /* HaveFailedSpec.swift */,
				OBJ_17 /* HaveSucceededSpec.swift */,
			);
			name = GuanacoTests;
			path = Tests/GuanacoTests;
			sourceTree = SOURCE_ROOT;
		};
		OBJ_20 /* Dependencies */ = {
			isa = PBXGroup;
			children = (
				OBJ_21 /* Nimble */,
				OBJ_77 /* Result 3.2.3 */,
			);
			name = Dependencies;
			sourceTree = "<group>";
		};
		OBJ_21 /* Nimble */ = {
			isa = PBXGroup;
			children = (
				OBJ_22 /* Nimble */,
			);
			name = Nimble;
			sourceTree = SOURCE_ROOT;
		};
		OBJ_22 /* Nimble */ = {
			isa = PBXGroup;
			children = (
				OBJ_23 /* DSL+Wait.swift */,
				OBJ_24 /* DSL.swift */,
				OBJ_25 /* Expectation.swift */,
				OBJ_26 /* ExpectationMessage.swift */,
				OBJ_27 /* Expression.swift */,
				OBJ_28 /* FailureMessage.swift */,
				OBJ_29 /* Adapters */,
				OBJ_39 /* Matchers */,
				OBJ_71 /* Utils */,
			);
			name = Nimble;
			path = Packages/Nimble/Sources/Nimble;
			sourceTree = SOURCE_ROOT;
		};
		OBJ_29 /* Adapters */ = {
			isa = PBXGroup;
			children = (
				OBJ_30 /* AdapterProtocols.swift */,
				OBJ_31 /* AssertionDispatcher.swift */,
				OBJ_32 /* AssertionRecorder.swift */,
				OBJ_33 /* NimbleEnvironment.swift */,
				OBJ_34 /* NimbleXCTestHandler.swift */,
				OBJ_35 /* NMBExpectation.swift */,
				OBJ_36 /* NMBObjCMatcher.swift */,
				OBJ_37 /* NonObjectiveC */,
			);
			path = Adapters;
			sourceTree = "<group>";
		};
		OBJ_37 /* NonObjectiveC */ = {
			isa = PBXGroup;
			children = (
				OBJ_38 /* ExceptionCapture.swift */,
			);
			path = NonObjectiveC;
			sourceTree = "<group>";
		};
		OBJ_39 /* Matchers */ = {
			isa = PBXGroup;
			children = (
				OBJ_40 /* AllPass.swift */,
				OBJ_41 /* AsyncMatcherWrapper.swift */,
				OBJ_42 /* BeAKindOf.swift */,
				OBJ_43 /* BeAnInstanceOf.swift */,
				OBJ_44 /* BeCloseTo.swift */,
				OBJ_45 /* BeEmpty.swift */,
				OBJ_46 /* BeginWith.swift */,
				OBJ_47 /* BeGreaterThan.swift */,
				OBJ_48 /* BeGreaterThanOrEqualTo.swift */,
				OBJ_49 /* BeIdenticalTo.swift */,
				OBJ_50 /* BeLessThan.swift */,
				OBJ_51 /* BeLessThanOrEqual.swift */,
				OBJ_52 /* BeLogical.swift */,
				OBJ_53 /* BeNil.swift */,
				OBJ_54 /* BeVoid.swift */,
				OBJ_55 /* Contain.swift */,
				OBJ_56 /* ContainElementSatisfying.swift */,
				OBJ_57 /* EndWith.swift */,
				OBJ_58 /* Equal.swift */,
				OBJ_59 /* HaveCount.swift */,
				OBJ_60 /* Match.swift */,
				OBJ_61 /* MatcherFunc.swift */,
				OBJ_62 /* MatcherProtocols.swift */,
				OBJ_63 /* MatchError.swift */,
				OBJ_64 /* PostNotification.swift */,
				OBJ_65 /* Predicate.swift */,
				OBJ_66 /* RaisesException.swift */,
				OBJ_67 /* SatisfyAnyOf.swift */,
				OBJ_68 /* ThrowAssertion.swift */,
				OBJ_69 /* ThrowError.swift */,
				OBJ_70 /* ToSucceed.swift */,
			);
			path = Matchers;
			sourceTree = "<group>";
		};
		OBJ_5 /*  */ = {
			isa = PBXGroup;
			children = (
				OBJ_7 /* Sources */,
				OBJ_12 /* Tests */,
				OBJ_20 /* Dependencies */,
				OBJ_6 /* Package.swift */,
				OBJ_81 /* Products */,
			);
			name = "";
			sourceTree = "<group>";
		};
		OBJ_7 /* Sources */ = {
			isa = PBXGroup;
			children = (
				OBJ_8 /* BeAnError.swift */,
				OBJ_9 /* HaveFailed.swift */,
				OBJ_10 /* HaveSucceeded.swift */,
				OBJ_11 /* MatcherClosure.swift */,
			);
			path = Sources;
			sourceTree = SOURCE_ROOT;
		};
		OBJ_71 /* Utils */ = {
			isa = PBXGroup;
			children = (
				OBJ_72 /* Async.swift */,
				OBJ_73 /* Errors.swift */,
				OBJ_74 /* Functional.swift */,
				OBJ_75 /* SourceLocation.swift */,
				OBJ_76 /* Stringers.swift */,
			);
			path = Utils;
			sourceTree = "<group>";
		};
		OBJ_77 /* Result 3.2.3 */ = {
			isa = PBXGroup;
			children = (
				OBJ_78 /* Result */,
			);
			name = "Result 3.2.3";
			sourceTree = SOURCE_ROOT;
		};
		OBJ_78 /* Result */ = {
			isa = PBXGroup;
			children = (
				OBJ_79 /* Result.swift */,
				OBJ_80 /* ResultProtocol.swift */,
			);
			name = Result;
			path = ".build/checkouts/Result.git-8684547452332391156/Result";
			sourceTree = SOURCE_ROOT;
		};
		OBJ_81 /* Products */ = {
			isa = PBXGroup;
			children = (
				OBJ_82 /* Result.framework */,
				OBJ_83 /* Nimble.framework */,
				OBJ_84 /* Guanaco.framework */,
				OBJ_85 /* GuanacoTests.xctest */,
			);
			name = Products;
			sourceTree = BUILT_PRODUCTS_DIR;
		};
/* End PBXGroup section */

/* Begin PBXNativeTarget section */
		OBJ_150 /* Guanaco */ = {
			isa = PBXNativeTarget;
			buildConfigurationList = OBJ_151 /* Build configuration list for PBXNativeTarget "Guanaco" */;
			buildPhases = (
				OBJ_154 /* Sources */,
				OBJ_159 /* Frameworks */,
			);
			buildRules = (
			);
			dependencies = (
				OBJ_162 /* PBXTargetDependency */,
				OBJ_163 /* PBXTargetDependency */,
			);
			name = Guanaco;
			productName = Guanaco;
			productReference = OBJ_84 /* Guanaco.framework */;
			productType = "com.apple.product-type.framework";
		};
		OBJ_164 /* GuanacoTests */ = {
			isa = PBXNativeTarget;
			buildConfigurationList = OBJ_165 /* Build configuration list for PBXNativeTarget "GuanacoTests" */;
			buildPhases = (
				OBJ_168 /* Sources */,
				OBJ_173 /* Frameworks */,
			);
			buildRules = (
			);
			dependencies = (
				OBJ_177 /* PBXTargetDependency */,
				OBJ_178 /* PBXTargetDependency */,
				OBJ_179 /* PBXTargetDependency */,
			);
			name = GuanacoTests;
			productName = GuanacoTests;
			productReference = OBJ_85 /* GuanacoTests.xctest */;
			productType = "com.apple.product-type.bundle.unit-test";
		};
		OBJ_86 /* Result */ = {
			isa = PBXNativeTarget;
			buildConfigurationList = OBJ_87 /* Build configuration list for PBXNativeTarget "Result" */;
			buildPhases = (
				OBJ_90 /* Sources */,
				OBJ_93 /* Frameworks */,
			);
			buildRules = (
			);
			dependencies = (
			);
			name = Result;
			productName = Result;
			productReference = OBJ_82 /* Result.framework */;
			productType = "com.apple.product-type.framework";
		};
		OBJ_94 /* Nimble */ = {
			isa = PBXNativeTarget;
			buildConfigurationList = OBJ_95 /* Build configuration list for PBXNativeTarget "Nimble" */;
			buildPhases = (
				OBJ_98 /* Sources */,
				OBJ_149 /* Frameworks */,
			);
			buildRules = (
			);
			dependencies = (
			);
			name = Nimble;
			productName = Nimble;
			productReference = OBJ_83 /* Nimble.framework */;
			productType = "com.apple.product-type.framework";
		};
/* End PBXNativeTarget section */

/* Begin PBXProject section */
		OBJ_1 /* Project object */ = {
			isa = PBXProject;
			attributes = {
				LastUpgradeCheck = 9999;
			};
			buildConfigurationList = OBJ_2 /* Build configuration list for PBXProject "Guanaco" */;
			compatibilityVersion = "Xcode 3.2";
			developmentRegion = English;
			hasScannedForEncodings = 0;
			knownRegions = (
				en,
			);
			mainGroup = OBJ_5 /*  */;
			productRefGroup = OBJ_81 /* Products */;
			projectDirPath = "";
			projectRoot = "";
			targets = (
				OBJ_86 /* Result */,
				OBJ_94 /* Nimble */,
				OBJ_150 /* Guanaco */,
				OBJ_164 /* GuanacoTests */,
			);
		};
/* End PBXProject section */

/* Begin PBXSourcesBuildPhase section */
		OBJ_154 /* Sources */ = {
			isa = PBXSourcesBuildPhase;
			buildActionMask = 0;
			files = (
				OBJ_155 /* BeAnError.swift in Sources */,
				OBJ_156 /* HaveFailed.swift in Sources */,
				OBJ_157 /* HaveSucceeded.swift in Sources */,
				OBJ_158 /* MatcherClosure.swift in Sources */,
			);
			runOnlyForDeploymentPostprocessing = 0;
		};
		OBJ_168 /* Sources */ = {
			isa = PBXSourcesBuildPhase;
			buildActionMask = 0;
			files = (
				OBJ_169 /* AssertionMessageRecorder.swift in Sources */,
				OBJ_170 /* BeAnErrorSpec.swift in Sources */,
				OBJ_171 /* HaveFailedSpec.swift in Sources */,
				OBJ_172 /* HaveSucceededSpec.swift in Sources */,
			);
			runOnlyForDeploymentPostprocessing = 0;
		};
		OBJ_90 /* Sources */ = {
			isa = PBXSourcesBuildPhase;
			buildActionMask = 0;
			files = (
				OBJ_91 /* Result.swift in Sources */,
				OBJ_92 /* ResultProtocol.swift in Sources */,
			);
			runOnlyForDeploymentPostprocessing = 0;
		};
		OBJ_98 /* Sources */ = {
			isa = PBXSourcesBuildPhase;
			buildActionMask = 0;
			files = (
				OBJ_99 /* DSL+Wait.swift in Sources */,
				OBJ_100 /* DSL.swift in Sources */,
				OBJ_101 /* Expectation.swift in Sources */,
				OBJ_102 /* ExpectationMessage.swift in Sources */,
				OBJ_103 /* Expression.swift in Sources */,
				OBJ_104 /* FailureMessage.swift in Sources */,
				OBJ_105 /* AdapterProtocols.swift in Sources */,
				OBJ_106 /* AssertionDispatcher.swift in Sources */,
				OBJ_107 /* AssertionRecorder.swift in Sources */,
				OBJ_108 /* NimbleEnvironment.swift in Sources */,
				OBJ_109 /* NimbleXCTestHandler.swift in Sources */,
				OBJ_110 /* NMBExpectation.swift in Sources */,
				OBJ_111 /* NMBObjCMatcher.swift in Sources */,
				OBJ_112 /* AllPass.swift in Sources */,
				OBJ_113 /* AsyncMatcherWrapper.swift in Sources */,
				OBJ_114 /* BeAKindOf.swift in Sources */,
				OBJ_115 /* BeAnInstanceOf.swift in Sources */,
				OBJ_116 /* BeCloseTo.swift in Sources */,
				OBJ_117 /* BeEmpty.swift in Sources */,
				OBJ_118 /* BeginWith.swift in Sources */,
				OBJ_119 /* BeGreaterThan.swift in Sources */,
				OBJ_120 /* BeGreaterThanOrEqualTo.swift in Sources */,
				OBJ_121 /* BeIdenticalTo.swift in Sources */,
				OBJ_122 /* BeLessThan.swift in Sources */,
				OBJ_123 /* BeLessThanOrEqual.swift in Sources */,
				OBJ_124 /* BeLogical.swift in Sources */,
				OBJ_125 /* BeNil.swift in Sources */,
				OBJ_126 /* BeVoid.swift in Sources */,
				OBJ_127 /* Contain.swift in Sources */,
				OBJ_128 /* ContainElementSatisfying.swift in Sources */,
				OBJ_129 /* EndWith.swift in Sources */,
				OBJ_130 /* Equal.swift in Sources */,
				OBJ_131 /* HaveCount.swift in Sources */,
				OBJ_132 /* Match.swift in Sources */,
				OBJ_133 /* MatcherFunc.swift in Sources */,
				OBJ_134 /* MatcherProtocols.swift in Sources */,
				OBJ_135 /* MatchError.swift in Sources */,
				OBJ_136 /* PostNotification.swift in Sources */,
				OBJ_137 /* Predicate.swift in Sources */,
				OBJ_138 /* RaisesException.swift in Sources */,
				OBJ_139 /* SatisfyAnyOf.swift in Sources */,
				OBJ_140 /* ThrowAssertion.swift in Sources */,
				OBJ_141 /* ThrowError.swift in Sources */,
				OBJ_142 /* ToSucceed.swift in Sources */,
				OBJ_143 /* Async.swift in Sources */,
				OBJ_144 /* Errors.swift in Sources */,
				OBJ_145 /* Functional.swift in Sources */,
				OBJ_146 /* SourceLocation.swift in Sources */,
				OBJ_147 /* Stringers.swift in Sources */,
				OBJ_148 /* ExceptionCapture.swift in Sources */,
			);
			runOnlyForDeploymentPostprocessing = 0;
		};
/* End PBXSourcesBuildPhase section */

/* Begin PBXTargetDependency section */
		OBJ_162 /* PBXTargetDependency */ = {
			isa = PBXTargetDependency;
			target = OBJ_86 /* Result */;
			targetProxy = A60D2C2B1F54506D00EA3D23 /* PBXContainerItemProxy */;
		};
		OBJ_163 /* PBXTargetDependency */ = {
			isa = PBXTargetDependency;
			target = OBJ_94 /* Nimble */;
			targetProxy = A60D2C2C1F54506D00EA3D23 /* PBXContainerItemProxy */;
		};
		OBJ_177 /* PBXTargetDependency */ = {
			isa = PBXTargetDependency;
			target = OBJ_86 /* Result */;
			targetProxy = A60D2C2D1F54506D00EA3D23 /* PBXContainerItemProxy */;
		};
		OBJ_178 /* PBXTargetDependency */ = {
			isa = PBXTargetDependency;
			target = OBJ_94 /* Nimble */;
			targetProxy = A60D2C2E1F54506D00EA3D23 /* PBXContainerItemProxy */;
		};
		OBJ_179 /* PBXTargetDependency */ = {
			isa = PBXTargetDependency;
			target = OBJ_150 /* Guanaco */;
			targetProxy = A60D2C2F1F54506D00EA3D23 /* PBXContainerItemProxy */;
		};
/* End PBXTargetDependency section */

/* Begin XCBuildConfiguration section */
		OBJ_152 /* Debug */ = {
			isa = XCBuildConfiguration;
			buildSettings = {
				ENABLE_TESTABILITY = YES;
				FRAMEWORK_SEARCH_PATHS = (
					"$(inherited)",
					"$(PLATFORM_DIR)/Developer/Library/Frameworks",
				);
				HEADER_SEARCH_PATHS = "$(inherited)";
				INFOPLIST_FILE = Guanaco.xcodeproj/Guanaco_Info.plist;
				LD_RUNPATH_SEARCH_PATHS = "$(TOOLCHAIN_DIR)/usr/lib/swift/macosx";
				OTHER_LDFLAGS = "$(inherited)";
				OTHER_SWIFT_FLAGS = "$(inherited)";
				PRODUCT_BUNDLE_IDENTIFIER = Guanaco;
				PRODUCT_MODULE_NAME = "$(TARGET_NAME:c99extidentifier)";
				PRODUCT_NAME = "$(TARGET_NAME:c99extidentifier)";
				SKIP_INSTALL = YES;
				TARGET_NAME = Guanaco;
			};
			name = Debug;
		};
		OBJ_153 /* Release */ = {
			isa = XCBuildConfiguration;
			buildSettings = {
				ENABLE_TESTABILITY = YES;
				FRAMEWORK_SEARCH_PATHS = (
					"$(inherited)",
					"$(PLATFORM_DIR)/Developer/Library/Frameworks",
				);
				HEADER_SEARCH_PATHS = "$(inherited)";
				INFOPLIST_FILE = Guanaco.xcodeproj/Guanaco_Info.plist;
				LD_RUNPATH_SEARCH_PATHS = "$(TOOLCHAIN_DIR)/usr/lib/swift/macosx";
				OTHER_LDFLAGS = "$(inherited)";
				OTHER_SWIFT_FLAGS = "$(inherited)";
				PRODUCT_BUNDLE_IDENTIFIER = Guanaco;
				PRODUCT_MODULE_NAME = "$(TARGET_NAME:c99extidentifier)";
				PRODUCT_NAME = "$(TARGET_NAME:c99extidentifier)";
				SKIP_INSTALL = YES;
				TARGET_NAME = Guanaco;
			};
			name = Release;
		};
		OBJ_166 /* Debug */ = {
			isa = XCBuildConfiguration;
			buildSettings = {
				EMBEDDED_CONTENT_CONTAINS_SWIFT = YES;
				FRAMEWORK_SEARCH_PATHS = (
					"$(inherited)",
					"$(PLATFORM_DIR)/Developer/Library/Frameworks",
				);
				HEADER_SEARCH_PATHS = "$(inherited)";
				INFOPLIST_FILE = Guanaco.xcodeproj/GuanacoTests_Info.plist;
				LD_RUNPATH_SEARCH_PATHS = "@loader_path/../Frameworks @loader_path/Frameworks";
				OTHER_LDFLAGS = "$(inherited)";
				OTHER_SWIFT_FLAGS = "$(inherited)";
				TARGET_NAME = GuanacoTests;
			};
			name = Debug;
		};
		OBJ_167 /* Release */ = {
			isa = XCBuildConfiguration;
			buildSettings = {
				EMBEDDED_CONTENT_CONTAINS_SWIFT = YES;
				FRAMEWORK_SEARCH_PATHS = (
					"$(inherited)",
					"$(PLATFORM_DIR)/Developer/Library/Frameworks",
				);
				HEADER_SEARCH_PATHS = "$(inherited)";
				INFOPLIST_FILE = Guanaco.xcodeproj/GuanacoTests_Info.plist;
				LD_RUNPATH_SEARCH_PATHS = "@loader_path/../Frameworks @loader_path/Frameworks";
				OTHER_LDFLAGS = "$(inherited)";
				OTHER_SWIFT_FLAGS = "$(inherited)";
				TARGET_NAME = GuanacoTests;
			};
			name = Release;
		};
		OBJ_3 /* Debug */ = {
			isa = XCBuildConfiguration;
			buildSettings = {
				CLANG_ENABLE_OBJC_ARC = YES;
				COMBINE_HIDPI_IMAGES = YES;
				COPY_PHASE_STRIP = NO;
				DEBUG_INFORMATION_FORMAT = dwarf;
				DYLIB_INSTALL_NAME_BASE = "@rpath";
				ENABLE_NS_ASSERTIONS = YES;
				GCC_OPTIMIZATION_LEVEL = 0;
				MACOSX_DEPLOYMENT_TARGET = 10.10;
				ONLY_ACTIVE_ARCH = YES;
				OTHER_SWIFT_FLAGS = "-DXcode";
				PRODUCT_NAME = "$(TARGET_NAME)";
				SDKROOT = macosx;
				SUPPORTED_PLATFORMS = "macosx iphoneos iphonesimulator appletvos appletvsimulator watchos watchsimulator";
				SWIFT_ACTIVE_COMPILATION_CONDITIONS = SWIFT_PACKAGE;
				SWIFT_OPTIMIZATION_LEVEL = "-Onone";
				SWIFT_VERSION = 3.0;
				USE_HEADERMAP = NO;
			};
			name = Debug;
		};
		OBJ_4 /* Release */ = {
			isa = XCBuildConfiguration;
			buildSettings = {
				CLANG_ENABLE_OBJC_ARC = YES;
				COMBINE_HIDPI_IMAGES = YES;
				COPY_PHASE_STRIP = YES;
				DEBUG_INFORMATION_FORMAT = "dwarf-with-dsym";
				DYLIB_INSTALL_NAME_BASE = "@rpath";
				GCC_OPTIMIZATION_LEVEL = s;
				MACOSX_DEPLOYMENT_TARGET = 10.10;
				OTHER_SWIFT_FLAGS = "-DXcode";
				PRODUCT_NAME = "$(TARGET_NAME)";
				SDKROOT = macosx;
				SUPPORTED_PLATFORMS = "macosx iphoneos iphonesimulator appletvos appletvsimulator watchos watchsimulator";
				SWIFT_ACTIVE_COMPILATION_CONDITIONS = SWIFT_PACKAGE;
				SWIFT_OPTIMIZATION_LEVEL = "-Owholemodule";
				SWIFT_VERSION = 3.0;
				USE_HEADERMAP = NO;
			};
			name = Release;
		};
		OBJ_88 /* Debug */ = {
			isa = XCBuildConfiguration;
			buildSettings = {
				ENABLE_TESTABILITY = YES;
				FRAMEWORK_SEARCH_PATHS = (
					"$(inherited)",
					"$(PLATFORM_DIR)/Developer/Library/Frameworks",
				);
				HEADER_SEARCH_PATHS = "$(inherited)";
				INFOPLIST_FILE = Guanaco.xcodeproj/Result_Info.plist;
				LD_RUNPATH_SEARCH_PATHS = "$(TOOLCHAIN_DIR)/usr/lib/swift/macosx";
				OTHER_LDFLAGS = "$(inherited)";
				OTHER_SWIFT_FLAGS = "$(inherited)";
				PRODUCT_BUNDLE_IDENTIFIER = Result;
				PRODUCT_MODULE_NAME = "$(TARGET_NAME:c99extidentifier)";
				PRODUCT_NAME = "$(TARGET_NAME:c99extidentifier)";
				SKIP_INSTALL = YES;
				TARGET_NAME = Result;
			};
			name = Debug;
		};
		OBJ_89 /* Release */ = {
			isa = XCBuildConfiguration;
			buildSettings = {
				ENABLE_TESTABILITY = YES;
				FRAMEWORK_SEARCH_PATHS = (
					"$(inherited)",
					"$(PLATFORM_DIR)/Developer/Library/Frameworks",
				);
				HEADER_SEARCH_PATHS = "$(inherited)";
				INFOPLIST_FILE = Guanaco.xcodeproj/Result_Info.plist;
				LD_RUNPATH_SEARCH_PATHS = "$(TOOLCHAIN_DIR)/usr/lib/swift/macosx";
				OTHER_LDFLAGS = "$(inherited)";
				OTHER_SWIFT_FLAGS = "$(inherited)";
				PRODUCT_BUNDLE_IDENTIFIER = Result;
				PRODUCT_MODULE_NAME = "$(TARGET_NAME:c99extidentifier)";
				PRODUCT_NAME = "$(TARGET_NAME:c99extidentifier)";
				SKIP_INSTALL = YES;
				TARGET_NAME = Result;
			};
			name = Release;
		};
		OBJ_96 /* Debug */ = {
			isa = XCBuildConfiguration;
			buildSettings = {
				ENABLE_TESTABILITY = YES;
				FRAMEWORK_SEARCH_PATHS = (
					"$(inherited)",
					"$(PLATFORM_DIR)/Developer/Library/Frameworks",
				);
				HEADER_SEARCH_PATHS = "$(inherited)";
				INFOPLIST_FILE = Guanaco.xcodeproj/Nimble_Info.plist;
				LD_RUNPATH_SEARCH_PATHS = "$(TOOLCHAIN_DIR)/usr/lib/swift/macosx";
				OTHER_LDFLAGS = "$(inherited)";
				OTHER_SWIFT_FLAGS = "$(inherited)";
				PRODUCT_BUNDLE_IDENTIFIER = Nimble;
				PRODUCT_MODULE_NAME = "$(TARGET_NAME:c99extidentifier)";
				PRODUCT_NAME = "$(TARGET_NAME:c99extidentifier)";
				SKIP_INSTALL = YES;
				TARGET_NAME = Nimble;
			};
			name = Debug;
		};
		OBJ_97 /* Release */ = {
			isa = XCBuildConfiguration;
			buildSettings = {
				ENABLE_TESTABILITY = YES;
				FRAMEWORK_SEARCH_PATHS = (
					"$(inherited)",
					"$(PLATFORM_DIR)/Developer/Library/Frameworks",
				);
				HEADER_SEARCH_PATHS = "$(inherited)";
				INFOPLIST_FILE = Guanaco.xcodeproj/Nimble_Info.plist;
				LD_RUNPATH_SEARCH_PATHS = "$(TOOLCHAIN_DIR)/usr/lib/swift/macosx";
				OTHER_LDFLAGS = "$(inherited)";
				OTHER_SWIFT_FLAGS = "$(inherited)";
				PRODUCT_BUNDLE_IDENTIFIER = Nimble;
				PRODUCT_MODULE_NAME = "$(TARGET_NAME:c99extidentifier)";
				PRODUCT_NAME = "$(TARGET_NAME:c99extidentifier)";
				SKIP_INSTALL = YES;
				TARGET_NAME = Nimble;
			};
			name = Release;
		};
/* End XCBuildConfiguration section */

/* Begin XCConfigurationList section */
		OBJ_151 /* Build configuration list for PBXNativeTarget "Guanaco" */ = {
			isa = XCConfigurationList;
			buildConfigurations = (
				OBJ_152 /* Debug */,
				OBJ_153 /* Release */,
			);
			defaultConfigurationIsVisible = 0;
			defaultConfigurationName = Debug;
		};
		OBJ_165 /* Build configuration list for PBXNativeTarget "GuanacoTests" */ = {
			isa = XCConfigurationList;
			buildConfigurations = (
				OBJ_166 /* Debug */,
				OBJ_167 /* Release */,
			);
			defaultConfigurationIsVisible = 0;
			defaultConfigurationName = Debug;
		};
		OBJ_2 /* Build configuration list for PBXProject "Guanaco" */ = {
			isa = XCConfigurationList;
			buildConfigurations = (
				OBJ_3 /* Debug */,
				OBJ_4 /* Release */,
			);
			defaultConfigurationIsVisible = 0;
			defaultConfigurationName = Debug;
		};
		OBJ_87 /* Build configuration list for PBXNativeTarget "Result" */ = {
			isa = XCConfigurationList;
			buildConfigurations = (
				OBJ_88 /* Debug */,
				OBJ_89 /* Release */,
			);
			defaultConfigurationIsVisible = 0;
			defaultConfigurationName = Debug;
		};
		OBJ_95 /* Build configuration list for PBXNativeTarget "Nimble" */ = {
			isa = XCConfigurationList;
			buildConfigurations = (
				OBJ_96 /* Debug */,
				OBJ_97 /* Release */,
			);
			defaultConfigurationIsVisible = 0;
			defaultConfigurationName = Debug;
		};
/* End XCConfigurationList section */
	};
	rootObject = OBJ_1 /* Project object */;
}
